// !$*UTF8*$!
{
	archiveVersion = 1;
	classes = {
	};
	objectVersion = 50;
	objects = {

/* Begin PBXBuildFile section */
		041CA7EE21386342006FCF29 /* AddEditOilViewController.swift in Sources */ = {isa = PBXBuildFile; fileRef = 041CA7ED21386342006FCF29 /* AddEditOilViewController.swift */; };
		043FBAD7212FB031006ED948 /* AppDelegate.swift in Sources */ = {isa = PBXBuildFile; fileRef = 043FBAD6212FB031006ED948 /* AppDelegate.swift */; };
		043FBADC212FB031006ED948 /* Main.storyboard in Resources */ = {isa = PBXBuildFile; fileRef = 043FBADA212FB031006ED948 /* Main.storyboard */; };
		043FBADE212FB032006ED948 /* Assets.xcassets in Resources */ = {isa = PBXBuildFile; fileRef = 043FBADD212FB032006ED948 /* Assets.xcassets */; };
		043FBAE1212FB032006ED948 /* LaunchScreen.storyboard in Resources */ = {isa = PBXBuildFile; fileRef = 043FBADF212FB032006ED948 /* LaunchScreen.storyboard */; };
		044D0CB9215FDC0200242550 /* IllnessesTableViewController.swift in Sources */ = {isa = PBXBuildFile; fileRef = 044D0CB8215FDC0200242550 /* IllnessesTableViewController.swift */; };
		044D0CBB215FDDE900242550 /* IllnessTableViewCell.swift in Sources */ = {isa = PBXBuildFile; fileRef = 044D0CBA215FDDE900242550 /* IllnessTableViewCell.swift */; };
		0456F414213456E2007150D4 /* EssentialOilsTableViewController.swift in Sources */ = {isa = PBXBuildFile; fileRef = 0456F413213456E2007150D4 /* EssentialOilsTableViewController.swift */; };
		0456F416213466C6007150D4 /* EssentialOilsTableViewCell.swift in Sources */ = {isa = PBXBuildFile; fileRef = 0456F415213466C6007150D4 /* EssentialOilsTableViewCell.swift */; };
		04C78F322130D8B600DF8FDE /* EssentialOilSingle.swift in Sources */ = {isa = PBXBuildFile; fileRef = 04C78F312130D8B600DF8FDE /* EssentialOilSingle.swift */; };
		04C78F342130D8D700DF8FDE /* EssentialOilBlend.swift in Sources */ = {isa = PBXBuildFile; fileRef = 04C78F332130D8D700DF8FDE /* EssentialOilBlend.swift */; };
		04C78F362130DB8000DF8FDE /* Illnesses.swift in Sources */ = {isa = PBXBuildFile; fileRef = 04C78F352130DB8000DF8FDE /* Illnesses.swift */; };
/* End PBXBuildFile section */

/* Begin PBXFileReference section */
		041CA7ED21386342006FCF29 /* AddEditOilViewController.swift */ = {isa = PBXFileReference; lastKnownFileType = sourcecode.swift; path = AddEditOilViewController.swift; sourceTree = "<group>"; };
		043FBAD3212FB031006ED948 /* Essential Oils Guide.app */ = {isa = PBXFileReference; explicitFileType = wrapper.application; includeInIndex = 0; path = "Essential Oils Guide.app"; sourceTree = BUILT_PRODUCTS_DIR; };
		043FBAD6212FB031006ED948 /* AppDelegate.swift */ = {isa = PBXFileReference; lastKnownFileType = sourcecode.swift; path = AppDelegate.swift; sourceTree = "<group>"; };
		043FBADB212FB031006ED948 /* Base */ = {isa = PBXFileReference; lastKnownFileType = file.storyboard; name = Base; path = Base.lproj/Main.storyboard; sourceTree = "<group>"; };
		043FBADD212FB032006ED948 /* Assets.xcassets */ = {isa = PBXFileReference; lastKnownFileType = folder.assetcatalog; path = Assets.xcassets; sourceTree = "<group>"; };
		043FBAE0212FB032006ED948 /* Base */ = {isa = PBXFileReference; lastKnownFileType = file.storyboard; name = Base; path = Base.lproj/LaunchScreen.storyboard; sourceTree = "<group>"; };
		043FBAE2212FB032006ED948 /* Info.plist */ = {isa = PBXFileReference; lastKnownFileType = text.plist.xml; path = Info.plist; sourceTree = "<group>"; };
		044D0CB8215FDC0200242550 /* IllnessesTableViewController.swift */ = {isa = PBXFileReference; lastKnownFileType = sourcecode.swift; path = IllnessesTableViewController.swift; sourceTree = "<group>"; };
		044D0CBA215FDDE900242550 /* IllnessTableViewCell.swift */ = {isa = PBXFileReference; lastKnownFileType = sourcecode.swift; path = IllnessTableViewCell.swift; sourceTree = "<group>"; };
		0456F413213456E2007150D4 /* EssentialOilsTableViewController.swift */ = {isa = PBXFileReference; lastKnownFileType = sourcecode.swift; path = EssentialOilsTableViewController.swift; sourceTree = "<group>"; };
		0456F415213466C6007150D4 /* EssentialOilsTableViewCell.swift */ = {isa = PBXFileReference; lastKnownFileType = sourcecode.swift; path = EssentialOilsTableViewCell.swift; sourceTree = "<group>"; };
		04C78F312130D8B600DF8FDE /* EssentialOilSingle.swift */ = {isa = PBXFileReference; lastKnownFileType = sourcecode.swift; path = EssentialOilSingle.swift; sourceTree = "<group>"; };
		04C78F332130D8D700DF8FDE /* EssentialOilBlend.swift */ = {isa = PBXFileReference; lastKnownFileType = sourcecode.swift; path = EssentialOilBlend.swift; sourceTree = "<group>"; };
		04C78F352130DB8000DF8FDE /* Illnesses.swift */ = {isa = PBXFileReference; lastKnownFileType = sourcecode.swift; path = Illnesses.swift; sourceTree = "<group>"; };
/* End PBXFileReference section */

/* Begin PBXFrameworksBuildPhase section */
		043FBAD0212FB031006ED948 /* Frameworks */ = {
			isa = PBXFrameworksBuildPhase;
			buildActionMask = 2147483647;
			files = (
			);
			runOnlyForDeploymentPostprocessing = 0;
		};
/* End PBXFrameworksBuildPhase section */

/* Begin PBXGroup section */
		043FBACA212FB031006ED948 = {
			isa = PBXGroup;
			children = (
				043FBAD5212FB031006ED948 /* Essential Oils Guide */,
				043FBAD4212FB031006ED948 /* Products */,
			);
			sourceTree = "<group>";
		};
		043FBAD4212FB031006ED948 /* Products */ = {
			isa = PBXGroup;
			children = (
				043FBAD3212FB031006ED948 /* Essential Oils Guide.app */,
			);
			name = Products;
			sourceTree = "<group>";
		};
		043FBAD5212FB031006ED948 /* Essential Oils Guide */ = {
			isa = PBXGroup;
			children = (
				043FBAD6212FB031006ED948 /* AppDelegate.swift */,
				043FBADA212FB031006ED948 /* Main.storyboard */,
				044D0CB8215FDC0200242550 /* IllnessesTableViewController.swift */,
				044D0CBA215FDDE900242550 /* IllnessTableViewCell.swift */,
				041CA7ED21386342006FCF29 /* AddEditOilViewController.swift */,
				0456F415213466C6007150D4 /* EssentialOilsTableViewCell.swift */,
				0456F413213456E2007150D4 /* EssentialOilsTableViewController.swift */,
				04C78F312130D8B600DF8FDE /* EssentialOilSingle.swift */,
				04C78F332130D8D700DF8FDE /* EssentialOilBlend.swift */,
				04C78F352130DB8000DF8FDE /* Illnesses.swift */,
				043FBADD212FB032006ED948 /* Assets.xcassets */,
				043FBADF212FB032006ED948 /* LaunchScreen.storyboard */,
				043FBAE2212FB032006ED948 /* Info.plist */,
			);
			path = "Essential Oils Guide";
			sourceTree = "<group>";
		};
/* End PBXGroup section */

/* Begin PBXNativeTarget section */
		043FBAD2212FB031006ED948 /* Essential Oils Guide */ = {
			isa = PBXNativeTarget;
			buildConfigurationList = 043FBAE5212FB032006ED948 /* Build configuration list for PBXNativeTarget "Essential Oils Guide" */;
			buildPhases = (
				043FBACF212FB031006ED948 /* Sources */,
				043FBAD0212FB031006ED948 /* Frameworks */,
				043FBAD1212FB031006ED948 /* Resources */,
			);
			buildRules = (
			);
			dependencies = (
			);
			name = "Essential Oils Guide";
			productName = "Essential Oils Guide";
			productReference = 043FBAD3212FB031006ED948 /* Essential Oils Guide.app */;
			productType = "com.apple.product-type.application";
		};
/* End PBXNativeTarget section */

/* Begin PBXProject section */
		043FBACB212FB031006ED948 /* Project object */ = {
			isa = PBXProject;
			attributes = {
				LastSwiftUpdateCheck = 0940;
				LastUpgradeCheck = 0940;
				ORGANIZATIONNAME = "App Development with Swift";
				TargetAttributes = {
					043FBAD2212FB031006ED948 = {
						CreatedOnToolsVersion = 9.4.1;
						LastSwiftMigration = 1000;
					};
				};
			};
			buildConfigurationList = 043FBACE212FB031006ED948 /* Build configuration list for PBXProject "Essential Oils Guide" */;
			compatibilityVersion = "Xcode 9.3";
			developmentRegion = en;
			hasScannedForEncodings = 0;
			knownRegions = (
				en,
				Base,
			);
			mainGroup = 043FBACA212FB031006ED948;
			productRefGroup = 043FBAD4212FB031006ED948 /* Products */;
			projectDirPath = "";
			projectRoot = "";
			targets = (
				043FBAD2212FB031006ED948 /* Essential Oils Guide */,
			);
		};
/* End PBXProject section */

/* Begin PBXResourcesBuildPhase section */
		043FBAD1212FB031006ED948 /* Resources */ = {
			isa = PBXResourcesBuildPhase;
			buildActionMask = 2147483647;
			files = (
				043FBAE1212FB032006ED948 /* LaunchScreen.storyboard in Resources */,
				043FBADE212FB032006ED948 /* Assets.xcassets in Resources */,
				043FBADC212FB031006ED948 /* Main.storyboard in Resources */,
			);
			runOnlyForDeploymentPostprocessing = 0;
		};
/* End PBXResourcesBuildPhase section */

/* Begin PBXSourcesBuildPhase section */
		043FBACF212FB031006ED948 /* Sources */ = {
			isa = PBXSourcesBuildPhase;
			buildActionMask = 2147483647;
			files = (
				043FBAD7212FB031006ED948 /* AppDelegate.swift in Sources */,
				041CA7EE21386342006FCF29 /* AddEditOilViewController.swift in Sources */,
				0456F414213456E2007150D4 /* EssentialOilsTableViewController.swift in Sources */,
				0456F416213466C6007150D4 /* EssentialOilsTableViewCell.swift in Sources */,
				04C78F322130D8B600DF8FDE /* EssentialOilSingle.swift in Sources */,
				04C78F362130DB8000DF8FDE /* Illnesses.swift in Sources */,
				044D0CBB215FDDE900242550 /* IllnessTableViewCell.swift in Sources */,
				044D0CB9215FDC0200242550 /* IllnessesTableViewController.swift in Sources */,
				04C78F342130D8D700DF8FDE /* EssentialOilBlend.swift in Sources */,
			);
			runOnlyForDeploymentPostprocessing = 0;
		};
/* End PBXSourcesBuildPhase section */

/* Begin PBXVariantGroup section */
		043FBADA212FB031006ED948 /* Main.storyboard */ = {
			isa = PBXVariantGroup;
			children = (
				043FBADB212FB031006ED948 /* Base */,
			);
			name = Main.storyboard;
			sourceTree = "<group>";
		};
		043FBADF212FB032006ED948 /* LaunchScreen.storyboard */ = {
			isa = PBXVariantGroup;
			children = (
				043FBAE0212FB032006ED948 /* Base */,
			);
			name = LaunchScreen.storyboard;
			sourceTree = "<group>";
		};
/* End PBXVariantGroup section */

/* Begin XCBuildConfiguration section */
		043FBAE3212FB032006ED948 /* Debug */ = {
			isa = XCBuildConfiguration;
			buildSettings = {
				ALWAYS_SEARCH_USER_PATHS = NO;
				CLANG_ANALYZER_NONNULL = YES;
				CLANG_ANALYZER_NUMBER_OBJECT_CONVERSION = YES_AGGRESSIVE;
				CLANG_CXX_LANGUAGE_STANDARD = "gnu++14";
				CLANG_CXX_LIBRARY = "libc++";
				CLANG_ENABLE_MODULES = YES;
				CLANG_ENABLE_OBJC_ARC = YES;
				CLANG_ENABLE_OBJC_WEAK = YES;
				CLANG_WARN_BLOCK_CAPTURE_AUTORELEASING = YES;
				CLANG_WARN_BOOL_CONVERSION = YES;
				CLANG_WARN_COMMA = YES;
				CLANG_WARN_CONSTANT_CONVERSION = YES;
				CLANG_WARN_DEPRECATED_OBJC_IMPLEMENTATIONS = YES;
				CLANG_WARN_DIRECT_OBJC_ISA_USAGE = YES_ERROR;
				CLANG_WARN_DOCUMENTATION_COMMENTS = YES;
				CLANG_WARN_EMPTY_BODY = YES;
				CLANG_WARN_ENUM_CONVERSION = YES;
				CLANG_WARN_INFINITE_RECURSION = YES;
				CLANG_WARN_INT_CONVERSION = YES;
				CLANG_WARN_NON_LITERAL_NULL_CONVERSION = YES;
				CLANG_WARN_OBJC_IMPLICIT_RETAIN_SELF = YES;
				CLANG_WARN_OBJC_LITERAL_CONVERSION = YES;
				CLANG_WARN_OBJC_ROOT_CLASS = YES_ERROR;
				CLANG_WARN_RANGE_LOOP_ANALYSIS = YES;
				CLANG_WARN_STRICT_PROTOTYPES = YES;
				CLANG_WARN_SUSPICIOUS_MOVE = YES;
				CLANG_WARN_UNGUARDED_AVAILABILITY = YES_AGGRESSIVE;
				CLANG_WARN_UNREACHABLE_CODE = YES;
				CLANG_WARN__DUPLICATE_METHOD_MATCH = YES;
				CODE_SIGN_IDENTITY = "iPhone Developer";
				COPY_PHASE_STRIP = NO;
				DEBUG_INFORMATION_FORMAT = dwarf;
				ENABLE_STRICT_OBJC_MSGSEND = YES;
				ENABLE_TESTABILITY = YES;
				GCC_C_LANGUAGE_STANDARD = gnu11;
				GCC_DYNAMIC_NO_PIC = NO;
				GCC_NO_COMMON_BLOCKS = YES;
				GCC_OPTIMIZATION_LEVEL = 0;
				GCC_PREPROCESSOR_DEFINITIONS = (
					"DEBUG=1",
					"$(inherited)",
				);
				GCC_WARN_64_TO_32_BIT_CONVERSION = YES;
				GCC_WARN_ABOUT_RETURN_TYPE = YES_ERROR;
				GCC_WARN_UNDECLARED_SELECTOR = YES;
				GCC_WARN_UNINITIALIZED_AUTOS = YES_AGGRESSIVE;
				GCC_WARN_UNUSED_FUNCTION = YES;
				GCC_WARN_UNUSED_VARIABLE = YES;
				IPHONEOS_DEPLOYMENT_TARGET = 11.4;
				MTL_ENABLE_DEBUG_INFO = YES;
				ONLY_ACTIVE_ARCH = YES;
				SDKROOT = iphoneos;
				SWIFT_ACTIVE_COMPILATION_CONDITIONS = DEBUG;
				SWIFT_OPTIMIZATION_LEVEL = "-Onone";
			};
			name = Debug;
		};
		043FBAE4212FB032006ED948 /* Release */ = {
			isa = XCBuildConfiguration;
			buildSettings = {
				ALWAYS_SEARCH_USER_PATHS = NO;
				CLANG_ANALYZER_NONNULL = YES;
				CLANG_ANALYZER_NUMBER_OBJECT_CONVERSION = YES_AGGRESSIVE;
				CLANG_CXX_LANGUAGE_STANDARD = "gnu++14";
				CLANG_CXX_LIBRARY = "libc++";
				CLANG_ENABLE_MODULES = YES;
				CLANG_ENABLE_OBJC_ARC = YES;
				CLANG_ENABLE_OBJC_WEAK = YES;
				CLANG_WARN_BLOCK_CAPTURE_AUTORELEASING = YES;
				CLANG_WARN_BOOL_CONVERSION = YES;
				CLANG_WARN_COMMA = YES;
				CLANG_WARN_CONSTANT_CONVERSION = YES;
				CLANG_WARN_DEPRECATED_OBJC_IMPLEMENTATIONS = YES;
				CLANG_WARN_DIRECT_OBJC_ISA_USAGE = YES_ERROR;
				CLANG_WARN_DOCUMENTATION_COMMENTS = YES;
				CLANG_WARN_EMPTY_BODY = YES;
				CLANG_WARN_ENUM_CONVERSION = YES;
				CLANG_WARN_INFINITE_RECURSION = YES;
				CLANG_WARN_INT_CONVERSION = YES;
				CLANG_WARN_NON_LITERAL_NULL_CONVERSION = YES;
				CLANG_WARN_OBJC_IMPLICIT_RETAIN_SELF = YES;
				CLANG_WARN_OBJC_LITERAL_CONVERSION = YES;
				CLANG_WARN_OBJC_ROOT_CLASS = YES_ERROR;
				CLANG_WARN_RANGE_LOOP_ANALYSIS = YES;
				CLANG_WARN_STRICT_PROTOTYPES = YES;
				CLANG_WARN_SUSPICIOUS_MOVE = YES;
				CLANG_WARN_UNGUARDED_AVAILABILITY = YES_AGGRESSIVE;
				CLANG_WARN_UNREACHABLE_CODE = YES;
				CLANG_WARN__DUPLICATE_METHOD_MATCH = YES;
				CODE_SIGN_IDENTITY = "iPhone Developer";
				COPY_PHASE_STRIP = NO;
				DEBUG_INFORMATION_FORMAT = "dwarf-with-dsym";
				ENABLE_NS_ASSERTIONS = NO;
				ENABLE_STRICT_OBJC_MSGSEND = YES;
				GCC_C_LANGUAGE_STANDARD = gnu11;
				GCC_NO_COMMON_BLOCKS = YES;
				GCC_WARN_64_TO_32_BIT_CONVERSION = YES;
				GCC_WARN_ABOUT_RETURN_TYPE = YES_ERROR;
				GCC_WARN_UNDECLARED_SELECTOR = YES;
				GCC_WARN_UNINITIALIZED_AUTOS = YES_AGGRESSIVE;
				GCC_WARN_UNUSED_FUNCTION = YES;
				GCC_WARN_UNUSED_VARIABLE = YES;
				IPHONEOS_DEPLOYMENT_TARGET = 11.4;
				MTL_ENABLE_DEBUG_INFO = NO;
				SDKROOT = iphoneos;
				SWIFT_COMPILATION_MODE = wholemodule;
				SWIFT_OPTIMIZATION_LEVEL = "-O";
				VALIDATE_PRODUCT = YES;
			};
			name = Release;
		};
		043FBAE6212FB032006ED948 /* Debug */ = {
			isa = XCBuildConfiguration;
			buildSettings = {
				ASSETCATALOG_COMPILER_APPICON_NAME = AppIcon;
				CODE_SIGN_STYLE = Automatic;
				DEVELOPMENT_TEAM = 422Y4K9N6G;
				INFOPLIST_FILE = "Essential Oils Guide/Info.plist";
				LD_RUNPATH_SEARCH_PATHS = (
					"$(inherited)",
					"@executable_path/Frameworks",
				);
				PRODUCT_BUNDLE_IDENTIFIER = "Ure.Adam.Essential-Oils-Guide";
				PRODUCT_NAME = "$(TARGET_NAME)";
				SWIFT_VERSION = 4.2;
				TARGETED_DEVICE_FAMILY = "1,2";
			};
			name = Debug;
		};
		043FBAE7212FB032006ED948 /* Release */ = {
			isa = XCBuildConfiguration;
			buildSettings = {
				ASSETCATALOG_COMPILER_APPICON_NAME = AppIcon;
				CODE_SIGN_STYLE = Automatic;
				DEVELOPMENT_TEAM = 422Y4K9N6G;
				INFOPLIST_FILE = "Essential Oils Guide/Info.plist";
				LD_RUNPATH_SEARCH_PATHS = (
					"$(inherited)",
					"@executable_path/Frameworks",
				);
				PRODUCT_BUNDLE_IDENTIFIER = "Ure.Adam.Essential-Oils-Guide";
				PRODUCT_NAME = "$(TARGET_NAME)";
				SWIFT_VERSION = 4.2;
				TARGETED_DEVICE_FAMILY = "1,2";
			};
			name = Release;
		};
/* End XCBuildConfiguration section */

/* Begin XCConfigurationList section */
		043FBACE212FB031006ED948 /* Build configuration list for PBXProject "Essential Oils Guide" */ = {
			isa = XCConfigurationList;
			buildConfigurations = (
				043FBAE3212FB032006ED948 /* Debug */,
				043FBAE4212FB032006ED948 /* Release */,
			);
			defaultConfigurationIsVisible = 0;
			defaultConfigurationName = Release;
		};
		043FBAE5212FB032006ED948 /* Build configuration list for PBXNativeTarget "Essential Oils Guide" */ = {
			isa = XCConfigurationList;
			buildConfigurations = (
				043FBAE6212FB032006ED948 /* Debug */,
				043FBAE7212FB032006ED948 /* Release */,
			);
			defaultConfigurationIsVisible = 0;
			defaultConfigurationName = Release;
		};
/* End XCConfigurationList section */
	};
	rootObject = 043FBACB212FB031006ED948 /* Project object */;
}
